
Microsoft Visual Studio Solution File, Format Version 12.00
# Visual Studio Version 17
VisualStudioVersion = 17.6.33723.286
MinimumVisualStudioVersion = 10.0.40219.1
Project("{9A19103F-16F7-4668-BE54-9A1E7A4F7556}") = "MovimentationsApi", "MovimentationsApi\MovimentationsApi.csproj", "{2D5AA341-8500-4A11-A581-1809A74707A9}"
EndProject
Project("{FAE04EC0-301F-11D3-BF4B-00C04F79EFBC}") = "WebAPITEst", "WebAPITEst\WebAPITEst.csproj", "{86B40F53-3889-4884-A1F8-96E3AA2688F9}"
	ProjectSection(ProjectDependencies) = postProject
		{2D5AA341-8500-4A11-A581-1809A74707A9} = {2D5AA341-8500-4A11-A581-1809A74707A9}
	EndProjectSection
EndProject
Global
	GlobalSection(SolutionConfigurationPlatforms) = preSolution
		Debug|Any CPU = Debug|Any CPU
		Release|Any CPU = Release|Any CPU
	EndGlobalSection
	GlobalSection(ProjectConfigurationPlatforms) = postSolution
		{2D5AA341-8500-4A11-A581-1809A74707A9}.Debug|Any CPU.ActiveCfg = Debug|Any CPU
		{2D5AA341-8500-4A11-A581-1809A74707A9}.Debug|Any CPU.Build.0 = Debug|Any CPU
		{2D5AA341-8500-4A11-A581-1809A74707A9}.Release|Any CPU.ActiveCfg = Release|Any CPU
		{2D5AA341-8500-4A11-A581-1809A74707A9}.Release|Any CPU.Build.0 = Release|Any CPU
		{86B40F53-3889-4884-A1F8-96E3AA2688F9}.Debug|Any CPU.ActiveCfg = Debug|Any CPU
		{86B40F53-3889-4884-A1F8-96E3AA2688F9}.Debug|Any CPU.Build.0 = Debug|Any CPU
		{86B40F53-3889-4884-A1F8-96E3AA2688F9}.Release|Any CPU.ActiveCfg = Release|Any CPU
		{86B40F53-3889-4884-A1F8-96E3AA2688F9}.Release|Any CPU.Build.0 = Release|Any CPU
	EndGlobalSection
	GlobalSection(SolutionProperties) = preSolution
		HideSolutionNode = FALSE
	EndGlobalSection
	GlobalSection(ExtensibilityGlobals) = postSolution
		SolutionGuid = {0334C053-DB33-45A7-80B7-9E4DD665E0FF}
	EndGlobalSection
EndGlobal
